
Microsoft Visual Studio Solution File, Format Version 12.00
# Visual Studio 15
VisualStudioVersion = 15.0.28010.2003
MinimumVisualStudioVersion = 10.0.40219.1
Project("{FAE04EC0-301F-11D3-BF4B-00C04F79EFBC}") = "DataImporterApi.Web", "DataImporterApi.Web\DataImporterApi.Web.csproj", "{9A632EBD-1473-413D-923B-7AA3D1113A56}"
EndProject
Project("{FAE04EC0-301F-11D3-BF4B-00C04F79EFBC}") = "DataImporter.Business", "DataImporter.Business\DataImporter.Business.csproj", "{2C3741F4-E549-45F6-BD7F-1CEF7E791CC8}"
EndProject
Project("{FAE04EC0-301F-11D3-BF4B-00C04F79EFBC}") = "DataImporter.Tests", "DataImporter.Tests\DataImporter.Tests.csproj", "{D23267DF-4AC9-43AD-A42F-CB3D508E7032}"
EndProject
Project("{FAE04EC0-301F-11D3-BF4B-00C04F79EFBC}") = "DataImporter.Domain", "DataImporter.Domain\DataImporter.Domain.csproj", "{9281C81C-649B-4DC5-BBFF-DFC3E2DDC506}"
EndProject
Global
	GlobalSection(SolutionConfigurationPlatforms) = preSolution
		Debug|Any CPU = Debug|Any CPU
		Release|Any CPU = Release|Any CPU
	EndGlobalSection
	GlobalSection(ProjectConfigurationPlatforms) = postSolution
		{9A632EBD-1473-413D-923B-7AA3D1113A56}.Debug|Any CPU.ActiveCfg = Debug|Any CPU
		{9A632EBD-1473-413D-923B-7AA3D1113A56}.Debug|Any CPU.Build.0 = Debug|Any CPU
		{9A632EBD-1473-413D-923B-7AA3D1113A56}.Release|Any CPU.ActiveCfg = Release|Any CPU
		{9A632EBD-1473-413D-923B-7AA3D1113A56}.Release|Any CPU.Build.0 = Release|Any CPU
		{2C3741F4-E549-45F6-BD7F-1CEF7E791CC8}.Debug|Any CPU.ActiveCfg = Debug|Any CPU
		{2C3741F4-E549-45F6-BD7F-1CEF7E791CC8}.Debug|Any CPU.Build.0 = Debug|Any CPU
		{2C3741F4-E549-45F6-BD7F-1CEF7E791CC8}.Release|Any CPU.ActiveCfg = Release|Any CPU
		{2C3741F4-E549-45F6-BD7F-1CEF7E791CC8}.Release|Any CPU.Build.0 = Release|Any CPU
		{D23267DF-4AC9-43AD-A42F-CB3D508E7032}.Debug|Any CPU.ActiveCfg = Debug|Any CPU
		{D23267DF-4AC9-43AD-A42F-CB3D508E7032}.Debug|Any CPU.Build.0 = Debug|Any CPU
		{D23267DF-4AC9-43AD-A42F-CB3D508E7032}.Release|Any CPU.ActiveCfg = Release|Any CPU
		{D23267DF-4AC9-43AD-A42F-CB3D508E7032}.Release|Any CPU.Build.0 = Release|Any CPU
		{9281C81C-649B-4DC5-BBFF-DFC3E2DDC506}.Debug|Any CPU.ActiveCfg = Debug|Any CPU
		{9281C81C-649B-4DC5-BBFF-DFC3E2DDC506}.Debug|Any CPU.Build.0 = Debug|Any CPU
		{9281C81C-649B-4DC5-BBFF-DFC3E2DDC506}.Release|Any CPU.ActiveCfg = Release|Any CPU
		{9281C81C-649B-4DC5-BBFF-DFC3E2DDC506}.Release|Any CPU.Build.0 = Release|Any CPU
	EndGlobalSection
	GlobalSection(SolutionProperties) = preSolution
		HideSolutionNode = FALSE
	EndGlobalSection
	GlobalSection(ExtensibilityGlobals) = postSolution
		SolutionGuid = {A696D143-877F-4E71-BB13-EA183DA140B7}
	EndGlobalSection
EndGlobal
